
Microsoft Visual Studio Solution File, Format Version 11.00
# Visual Studio 2010
Project("{8BC9CEB8-8B4A-11D0-8D11-00A0C91BC942}") = "softeng", "softeng\softeng.vcxproj", "{2B9192FA-B6D5-4C4E-8DAA-3A954C28D956}"
EndProject
Project("{8BC9CEB8-8B4A-11D0-8D11-00A0C91BC942}") = "softui", "softui\softui.vcxproj", "{7D70A6D9-8E38-4A11-B9C3-CEB11905DCFA}"
EndProject
Global
	GlobalSection(SolutionConfigurationPlatforms) = preSolution
		Debug|Win32 = Debug|Win32
		Release|Win32 = Release|Win32
		Template|Win32 = Template|Win32
	EndGlobalSection
	GlobalSection(ProjectConfigurationPlatforms) = postSolution
		{2B9192FA-B6D5-4C4E-8DAA-3A954C28D956}.Debug|Win32.ActiveCfg = Debug|Win32
		{2B9192FA-B6D5-4C4E-8DAA-3A954C28D956}.Debug|Win32.Build.0 = Debug|Win32
		{2B9192FA-B6D5-4C4E-8DAA-3A954C28D956}.Release|Win32.ActiveCfg = Release|Win32
		{2B9192FA-B6D5-4C4E-8DAA-3A954C28D956}.Release|Win32.Build.0 = Release|Win32
		{2B9192FA-B6D5-4C4E-8DAA-3A954C28D956}.Template|Win32.ActiveCfg = Release|Win32
		{2B9192FA-B6D5-4C4E-8DAA-3A954C28D956}.Template|Win32.Build.0 = Release|Win32
		{7D70A6D9-8E38-4A11-B9C3-CEB11905DCFA}.Debug|Win32.ActiveCfg = Debug|Win32
		{7D70A6D9-8E38-4A11-B9C3-CEB11905DCFA}.Debug|Win32.Build.0 = Debug|Win32
		{7D70A6D9-8E38-4A11-B9C3-CEB11905DCFA}.Release|Win32.ActiveCfg = Release|Win32
		{7D70A6D9-8E38-4A11-B9C3-CEB11905DCFA}.Release|Win32.Build.0 = Release|Win32
		{7D70A6D9-8E38-4A11-B9C3-CEB11905DCFA}.Template|Win32.ActiveCfg = Template|Win32
		{7D70A6D9-8E38-4A11-B9C3-CEB11905DCFA}.Template|Win32.Build.0 = Template|Win32
	EndGlobalSection
	GlobalSection(SolutionProperties) = preSolution
		HideSolutionNode = FALSE
	EndGlobalSection
EndGlobal
