<?xml version="1.0" encoding="utf-8"?>
<Project ToolsVersion="4.0" xmlns="http://schemas.microsoft.com/developer/msbuild/2003">
  <ItemGroup>
    <Filter Include="源文件">
      <UniqueIdentifier>{4FC737F1-C7A5-4376-A066-2A32D752A2FF}</UniqueIdentifier>
      <Extensions>cpp;c;cc;cxx;def;odl;idl;hpj;bat;asm;asmx</Extensions>
    </Filter>
    <Filter Include="头文件">
      <UniqueIdentifier>{93995380-89BD-4b04-88EB-625FBE52EBFB}</UniqueIdentifier>
      <Extensions>h;hpp;hxx;hm;inl;inc;xsd</Extensions>
    </Filter>
    <Filter Include="资源文件">
      <UniqueIdentifier>{67DA6AB6-F800-4c08-8B7A-83BB121AAD01}</UniqueIdentifier>
      <Extensions>rc;ico;cur;bmp;dlg;rc2;rct;bin;rgs;gif;jpg;jpeg;jpe;resx;tiff;tif;png;wav;mfcribbon-ms</Extensions>
    </Filter>
  </ItemGroup>
  <ItemGroup>
    <None Include="ReadMe.txt" />
  </ItemGroup>
  <ItemGroup>
    <ClCompile Include="src\lapi.c">
      <Filter>源文件</Filter>
    </ClCompile>
    <ClCompile Include="src\lauxlib.c">
      <Filter>源文件</Filter>
    </ClCompile>
    <ClCompile Include="src\lbaselib.c">
      <Filter>源文件</Filter>
    </ClCompile>
    <ClCompile Include="src\lbitlib.c">
      <Filter>源文件</Filter>
    </ClCompile>
    <ClCompile Include="src\lcode.c">
      <Filter>源文件</Filter>
    </ClCompile>
    <ClCompile Include="src\lcorolib.c">
      <Filter>源文件</Filter>
    </ClCompile>
    <ClCompile Include="src\lctype.c">
      <Filter>源文件</Filter>
    </ClCompile>
    <ClCompile Include="src\ldblib.c">
      <Filter>源文件</Filter>
    </ClCompile>
    <ClCompile Include="src\ldebug.c">
      <Filter>源文件</Filter>
    </ClCompile>
    <ClCompile Include="src\ldo.c">
      <Filter>源文件</Filter>
    </ClCompile>
    <ClCompile Include="src\ldump.c">
      <Filter>源文件</Filter>
    </ClCompile>
    <ClCompile Include="src\lfunc.c">
      <Filter>源文件</Filter>
    </ClCompile>
    <ClCompile Include="src\lgc.c">
      <Filter>源文件</Filter>
    </ClCompile>
    <ClCompile Include="src\linit.c">
      <Filter>源文件</Filter>
    </ClCompile>
    <ClCompile Include="src\liolib.c">
      <Filter>源文件</Filter>
    </ClCompile>
    <ClCompile Include="src\llex.c">
      <Filter>源文件</Filter>
    </ClCompile>
    <ClCompile Include="src\lmathlib.c">
      <Filter>源文件</Filter>
    </ClCompile>
    <ClCompile Include="src\lmem.c">
      <Filter>源文件</Filter>
    </ClCompile>
    <ClCompile Include="src\loadlib.c">
      <Filter>源文件</Filter>
    </ClCompile>
    <ClCompile Include="src\lobject.c">
      <Filter>源文件</Filter>
    </ClCompile>
    <ClCompile Include="src\lopcodes.c">
      <Filter>源文件</Filter>
    </ClCompile>
    <ClCompile Include="src\loslib.c">
      <Filter>源文件</Filter>
    </ClCompile>
    <ClCompile Include="src\lparser.c">
      <Filter>源文件</Filter>
    </ClCompile>
    <ClCompile Include="src\lstate.c">
      <Filter>源文件</Filter>
    </ClCompile>
    <ClCompile Include="src\lstring.c">
      <Filter>源文件</Filter>
    </ClCompile>
    <ClCompile Include="src\lstrlib.c">
      <Filter>源文件</Filter>
    </ClCompile>
    <ClCompile Include="src\ltable.c">
      <Filter>源文件</Filter>
    </ClCompile>
    <ClCompile Include="src\ltablib.c">
      <Filter>源文件</Filter>
    </ClCompile>
    <ClCompile Include="src\ltm.c">
      <Filter>源文件</Filter>
    </ClCompile>
    <ClCompile Include="src\lua.c">
      <Filter>源文件</Filter>
    </ClCompile>
    <ClCompile Include="src\luac.c">
      <Filter>源文件</Filter>
    </ClCompile>
    <ClCompile Include="src\lundump.c">
      <Filter>源文件</Filter>
    </ClCompile>
    <ClCompile Include="src\lutf8lib.c">
      <Filter>源文件</Filter>
    </ClCompile>
    <ClCompile Include="src\lvm.c">
      <Filter>源文件</Filter>
    </ClCompile>
    <ClCompile Include="src\lzio.c">
      <Filter>源文件</Filter>
    </ClCompile>
  </ItemGroup>
</Project>