
Microsoft Visual Studio Solution File, Format Version 10.00
# Visual Studio 2008
Project("{8BC9CEB8-8B4A-11D0-8D11-00A0C91BC942}") = "InetFile", "InetFile\InetFile.vcproj", "{281543A7-5226-49AD-BF93-E5B89D5F678B}"
EndProject
Project("{8BC9CEB8-8B4A-11D0-8D11-00A0C91BC942}") = "dome", "dome\dome.vcproj", "{924E603E-6A54-4EA6-B63D-32509EDCC61C}"
EndProject
Global
	GlobalSection(SolutionConfigurationPlatforms) = preSolution
		Debug|Win32 = Debug|Win32
		Release|Win32 = Release|Win32
	EndGlobalSection
	GlobalSection(ProjectConfigurationPlatforms) = postSolution
		{281543A7-5226-49AD-BF93-E5B89D5F678B}.Debug|Win32.ActiveCfg = Debug|Win32
		{281543A7-5226-49AD-BF93-E5B89D5F678B}.Debug|Win32.Build.0 = Debug|Win32
		{281543A7-5226-49AD-BF93-E5B89D5F678B}.Release|Win32.ActiveCfg = Release|Win32
		{281543A7-5226-49AD-BF93-E5B89D5F678B}.Release|Win32.Build.0 = Release|Win32
		{924E603E-6A54-4EA6-B63D-32509EDCC61C}.Debug|Win32.ActiveCfg = Debug|Win32
		{924E603E-6A54-4EA6-B63D-32509EDCC61C}.Debug|Win32.Build.0 = Debug|Win32
		{924E603E-6A54-4EA6-B63D-32509EDCC61C}.Release|Win32.ActiveCfg = Release|Win32
		{924E603E-6A54-4EA6-B63D-32509EDCC61C}.Release|Win32.Build.0 = Release|Win32
	EndGlobalSection
	GlobalSection(SolutionProperties) = preSolution
		HideSolutionNode = FALSE
	EndGlobalSection
EndGlobal
