
Microsoft Visual Studio Solution File, Format Version 11.00
# Visual Studio 2010
Project("{8BC9CEB8-8B4A-11D0-8D11-00A0C91BC942}") = "stdlog", "stdlog.vcxproj", "{2382E316-9213-4CD7-9298-C5D83030401B}"
EndProject
Project("{8BC9CEB8-8B4A-11D0-8D11-00A0C91BC942}") = "syslay", "..\..\syslay\syslay\syslay.vcxproj", "{73364742-2C0D-408A-9C51-0B83AF08A3ED}"
EndProject
Project("{8BC9CEB8-8B4A-11D0-8D11-00A0C91BC942}") = "stdlogs", "..\stdlogs\stdlogs.vcxproj", "{8BCF624C-E58B-4410-A71C-44DC45540F34}"
EndProject
Project("{8BC9CEB8-8B4A-11D0-8D11-00A0C91BC942}") = "syslays", "..\..\syslay\syslays\syslays.vcxproj", "{3974C6C1-459E-4817-8FCA-ED869853099F}"
EndProject
Project("{8BC9CEB8-8B4A-11D0-8D11-00A0C91BC942}") = "testdbg", "..\testdbg\testdbg.vcxproj", "{F0D6312B-E5D9-49BB-A1EF-E58BE1B81F85}"
EndProject
Global
	GlobalSection(SolutionConfigurationPlatforms) = preSolution
		Debug Unicode|Win32 = Debug Unicode|Win32
		Debug Unicode|x64 = Debug Unicode|x64
		Debug|Win32 = Debug|Win32
		Debug|x64 = Debug|x64
		DebugMT|Win32 = DebugMT|Win32
		DebugMT|x64 = DebugMT|x64
		Release|Win32 = Release|Win32
		Release|x64 = Release|x64
		ReleaseMT|Win32 = ReleaseMT|Win32
		ReleaseMT|x64 = ReleaseMT|x64
	EndGlobalSection
	GlobalSection(ProjectConfigurationPlatforms) = postSolution
		{2382E316-9213-4CD7-9298-C5D83030401B}.Debug Unicode|Win32.ActiveCfg = Debug|Win32
		{2382E316-9213-4CD7-9298-C5D83030401B}.Debug Unicode|Win32.Build.0 = Debug|Win32
		{2382E316-9213-4CD7-9298-C5D83030401B}.Debug Unicode|x64.ActiveCfg = Debug|Win32
		{2382E316-9213-4CD7-9298-C5D83030401B}.Debug Unicode|x64.Build.0 = Debug|Win32
		{2382E316-9213-4CD7-9298-C5D83030401B}.Debug|Win32.ActiveCfg = Debug|Win32
		{2382E316-9213-4CD7-9298-C5D83030401B}.Debug|Win32.Build.0 = Debug|Win32
		{2382E316-9213-4CD7-9298-C5D83030401B}.Debug|x64.ActiveCfg = Debug|Win32
		{2382E316-9213-4CD7-9298-C5D83030401B}.Debug|x64.Build.0 = Debug|Win32
		{2382E316-9213-4CD7-9298-C5D83030401B}.DebugMT|Win32.ActiveCfg = DebugMT|Win32
		{2382E316-9213-4CD7-9298-C5D83030401B}.DebugMT|Win32.Build.0 = DebugMT|Win32
		{2382E316-9213-4CD7-9298-C5D83030401B}.DebugMT|x64.ActiveCfg = DebugMT|Win32
		{2382E316-9213-4CD7-9298-C5D83030401B}.DebugMT|x64.Build.0 = DebugMT|Win32
		{2382E316-9213-4CD7-9298-C5D83030401B}.Release|Win32.ActiveCfg = Release|Win32
		{2382E316-9213-4CD7-9298-C5D83030401B}.Release|Win32.Build.0 = Release|Win32
		{2382E316-9213-4CD7-9298-C5D83030401B}.Release|x64.ActiveCfg = Release|Win32
		{2382E316-9213-4CD7-9298-C5D83030401B}.Release|x64.Build.0 = Release|Win32
		{2382E316-9213-4CD7-9298-C5D83030401B}.ReleaseMT|Win32.ActiveCfg = ReleaseMT|Win32
		{2382E316-9213-4CD7-9298-C5D83030401B}.ReleaseMT|Win32.Build.0 = ReleaseMT|Win32
		{2382E316-9213-4CD7-9298-C5D83030401B}.ReleaseMT|x64.ActiveCfg = ReleaseMT|Win32
		{2382E316-9213-4CD7-9298-C5D83030401B}.ReleaseMT|x64.Build.0 = ReleaseMT|Win32
		{73364742-2C0D-408A-9C51-0B83AF08A3ED}.Debug Unicode|Win32.ActiveCfg = Debug Unicode|Win32
		{73364742-2C0D-408A-9C51-0B83AF08A3ED}.Debug Unicode|Win32.Build.0 = Debug Unicode|Win32
		{73364742-2C0D-408A-9C51-0B83AF08A3ED}.Debug Unicode|x64.ActiveCfg = Debug Unicode|Win32
		{73364742-2C0D-408A-9C51-0B83AF08A3ED}.Debug Unicode|x64.Build.0 = Debug Unicode|Win32
		{73364742-2C0D-408A-9C51-0B83AF08A3ED}.Debug|Win32.ActiveCfg = Debug|Win32
		{73364742-2C0D-408A-9C51-0B83AF08A3ED}.Debug|Win32.Build.0 = Debug|Win32
		{73364742-2C0D-408A-9C51-0B83AF08A3ED}.Debug|x64.ActiveCfg = Debug|Win32
		{73364742-2C0D-408A-9C51-0B83AF08A3ED}.Debug|x64.Build.0 = Debug|Win32
		{73364742-2C0D-408A-9C51-0B83AF08A3ED}.DebugMT|Win32.ActiveCfg = DebugMT|Win32
		{73364742-2C0D-408A-9C51-0B83AF08A3ED}.DebugMT|Win32.Build.0 = DebugMT|Win32
		{73364742-2C0D-408A-9C51-0B83AF08A3ED}.DebugMT|x64.ActiveCfg = DebugMT|Win32
		{73364742-2C0D-408A-9C51-0B83AF08A3ED}.DebugMT|x64.Build.0 = DebugMT|Win32
		{73364742-2C0D-408A-9C51-0B83AF08A3ED}.Release|Win32.ActiveCfg = Release|Win32
		{73364742-2C0D-408A-9C51-0B83AF08A3ED}.Release|Win32.Build.0 = Release|Win32
		{73364742-2C0D-408A-9C51-0B83AF08A3ED}.Release|x64.ActiveCfg = Release|Win32
		{73364742-2C0D-408A-9C51-0B83AF08A3ED}.Release|x64.Build.0 = Release|Win32
		{73364742-2C0D-408A-9C51-0B83AF08A3ED}.ReleaseMT|Win32.ActiveCfg = ReleaseMT|Win32
		{73364742-2C0D-408A-9C51-0B83AF08A3ED}.ReleaseMT|Win32.Build.0 = ReleaseMT|Win32
		{73364742-2C0D-408A-9C51-0B83AF08A3ED}.ReleaseMT|x64.ActiveCfg = ReleaseMT|Win32
		{73364742-2C0D-408A-9C51-0B83AF08A3ED}.ReleaseMT|x64.Build.0 = ReleaseMT|Win32
		{8BCF624C-E58B-4410-A71C-44DC45540F34}.Debug Unicode|Win32.ActiveCfg = Debug|Win32
		{8BCF624C-E58B-4410-A71C-44DC45540F34}.Debug Unicode|Win32.Build.0 = Debug|Win32
		{8BCF624C-E58B-4410-A71C-44DC45540F34}.Debug Unicode|x64.ActiveCfg = Debug|Win32
		{8BCF624C-E58B-4410-A71C-44DC45540F34}.Debug Unicode|x64.Build.0 = Debug|Win32
		{8BCF624C-E58B-4410-A71C-44DC45540F34}.Debug|Win32.ActiveCfg = Debug|Win32
		{8BCF624C-E58B-4410-A71C-44DC45540F34}.Debug|Win32.Build.0 = Debug|Win32
		{8BCF624C-E58B-4410-A71C-44DC45540F34}.Debug|x64.ActiveCfg = Debug|x64
		{8BCF624C-E58B-4410-A71C-44DC45540F34}.Debug|x64.Build.0 = Debug|x64
		{8BCF624C-E58B-4410-A71C-44DC45540F34}.DebugMT|Win32.ActiveCfg = DebugMT|Win32
		{8BCF624C-E58B-4410-A71C-44DC45540F34}.DebugMT|Win32.Build.0 = DebugMT|Win32
		{8BCF624C-E58B-4410-A71C-44DC45540F34}.DebugMT|x64.ActiveCfg = DebugMT|Win32
		{8BCF624C-E58B-4410-A71C-44DC45540F34}.DebugMT|x64.Build.0 = DebugMT|Win32
		{8BCF624C-E58B-4410-A71C-44DC45540F34}.Release|Win32.ActiveCfg = Release|Win32
		{8BCF624C-E58B-4410-A71C-44DC45540F34}.Release|Win32.Build.0 = Release|Win32
		{8BCF624C-E58B-4410-A71C-44DC45540F34}.Release|x64.ActiveCfg = Release|x64
		{8BCF624C-E58B-4410-A71C-44DC45540F34}.Release|x64.Build.0 = Release|x64
		{8BCF624C-E58B-4410-A71C-44DC45540F34}.ReleaseMT|Win32.ActiveCfg = ReleaseMT|Win32
		{8BCF624C-E58B-4410-A71C-44DC45540F34}.ReleaseMT|Win32.Build.0 = ReleaseMT|Win32
		{8BCF624C-E58B-4410-A71C-44DC45540F34}.ReleaseMT|x64.ActiveCfg = ReleaseMT|Win32
		{8BCF624C-E58B-4410-A71C-44DC45540F34}.ReleaseMT|x64.Build.0 = ReleaseMT|Win32
		{3974C6C1-459E-4817-8FCA-ED869853099F}.Debug Unicode|Win32.ActiveCfg = Debug|Win32
		{3974C6C1-459E-4817-8FCA-ED869853099F}.Debug Unicode|Win32.Build.0 = Debug|Win32
		{3974C6C1-459E-4817-8FCA-ED869853099F}.Debug Unicode|x64.ActiveCfg = Debug|Win32
		{3974C6C1-459E-4817-8FCA-ED869853099F}.Debug Unicode|x64.Build.0 = Debug|Win32
		{3974C6C1-459E-4817-8FCA-ED869853099F}.Debug|Win32.ActiveCfg = Debug|Win32
		{3974C6C1-459E-4817-8FCA-ED869853099F}.Debug|Win32.Build.0 = Debug|Win32
		{3974C6C1-459E-4817-8FCA-ED869853099F}.Debug|x64.ActiveCfg = Debug|x64
		{3974C6C1-459E-4817-8FCA-ED869853099F}.Debug|x64.Build.0 = Debug|x64
		{3974C6C1-459E-4817-8FCA-ED869853099F}.DebugMT|Win32.ActiveCfg = DebugMT|Win32
		{3974C6C1-459E-4817-8FCA-ED869853099F}.DebugMT|Win32.Build.0 = DebugMT|Win32
		{3974C6C1-459E-4817-8FCA-ED869853099F}.DebugMT|x64.ActiveCfg = DebugMT|Win32
		{3974C6C1-459E-4817-8FCA-ED869853099F}.DebugMT|x64.Build.0 = DebugMT|Win32
		{3974C6C1-459E-4817-8FCA-ED869853099F}.Release|Win32.ActiveCfg = Release|Win32
		{3974C6C1-459E-4817-8FCA-ED869853099F}.Release|Win32.Build.0 = Release|Win32
		{3974C6C1-459E-4817-8FCA-ED869853099F}.Release|x64.ActiveCfg = Release|x64
		{3974C6C1-459E-4817-8FCA-ED869853099F}.Release|x64.Build.0 = Release|x64
		{3974C6C1-459E-4817-8FCA-ED869853099F}.ReleaseMT|Win32.ActiveCfg = ReleaseMT|Win32
		{3974C6C1-459E-4817-8FCA-ED869853099F}.ReleaseMT|Win32.Build.0 = ReleaseMT|Win32
		{3974C6C1-459E-4817-8FCA-ED869853099F}.ReleaseMT|x64.ActiveCfg = ReleaseMT|Win32
		{3974C6C1-459E-4817-8FCA-ED869853099F}.ReleaseMT|x64.Build.0 = ReleaseMT|Win32
		{F0D6312B-E5D9-49BB-A1EF-E58BE1B81F85}.Debug Unicode|Win32.ActiveCfg = Debug|Win32
		{F0D6312B-E5D9-49BB-A1EF-E58BE1B81F85}.Debug Unicode|Win32.Build.0 = Debug|Win32
		{F0D6312B-E5D9-49BB-A1EF-E58BE1B81F85}.Debug Unicode|x64.ActiveCfg = Debug|Win32
		{F0D6312B-E5D9-49BB-A1EF-E58BE1B81F85}.Debug|Win32.ActiveCfg = Debug|Win32
		{F0D6312B-E5D9-49BB-A1EF-E58BE1B81F85}.Debug|Win32.Build.0 = Debug|Win32
		{F0D6312B-E5D9-49BB-A1EF-E58BE1B81F85}.Debug|x64.ActiveCfg = Debug|Win32
		{F0D6312B-E5D9-49BB-A1EF-E58BE1B81F85}.DebugMT|Win32.ActiveCfg = Debug|Win32
		{F0D6312B-E5D9-49BB-A1EF-E58BE1B81F85}.DebugMT|Win32.Build.0 = Debug|Win32
		{F0D6312B-E5D9-49BB-A1EF-E58BE1B81F85}.DebugMT|x64.ActiveCfg = Debug|Win32
		{F0D6312B-E5D9-49BB-A1EF-E58BE1B81F85}.Release|Win32.ActiveCfg = Release|Win32
		{F0D6312B-E5D9-49BB-A1EF-E58BE1B81F85}.Release|Win32.Build.0 = Release|Win32
		{F0D6312B-E5D9-49BB-A1EF-E58BE1B81F85}.Release|x64.ActiveCfg = Release|Win32
		{F0D6312B-E5D9-49BB-A1EF-E58BE1B81F85}.ReleaseMT|Win32.ActiveCfg = Release|Win32
		{F0D6312B-E5D9-49BB-A1EF-E58BE1B81F85}.ReleaseMT|Win32.Build.0 = Release|Win32
		{F0D6312B-E5D9-49BB-A1EF-E58BE1B81F85}.ReleaseMT|x64.ActiveCfg = Release|Win32
	EndGlobalSection
	GlobalSection(SolutionProperties) = preSolution
		HideSolutionNode = FALSE
	EndGlobalSection
EndGlobal
