
Microsoft Visual Studio Solution File, Format Version 10.00
# Visual Studio 2008
Project("{8BC9CEB8-8B4A-11D0-8D11-00A0C91BC942}") = "msxml3a", "msxml3a.vcproj", "{2D70791C-96DA-4292-BADD-6384E6B3B5FB}"
EndProject
Project("{8BC9CEB8-8B4A-11D0-8D11-00A0C91BC942}") = "msxml3w", "msxml3w.vcproj", "{62C1467E-8717-4041-B8D8-3846214963FD}"
EndProject
Global
	GlobalSection(SubversionScc) = preSolution
		Svn-Managed = True
		Manager = AnkhSVN - Subversion Support for Visual Studio
	EndGlobalSection
	GlobalSection(SolutionConfigurationPlatforms) = preSolution
		Debug|Win32 = Debug|Win32
		Release|Win32 = Release|Win32
	EndGlobalSection
	GlobalSection(ProjectConfigurationPlatforms) = postSolution
		{2D70791C-96DA-4292-BADD-6384E6B3B5FB}.Debug|Win32.ActiveCfg = Debug|Win32
		{2D70791C-96DA-4292-BADD-6384E6B3B5FB}.Debug|Win32.Build.0 = Debug|Win32
		{2D70791C-96DA-4292-BADD-6384E6B3B5FB}.Release|Win32.ActiveCfg = Release|Win32
		{2D70791C-96DA-4292-BADD-6384E6B3B5FB}.Release|Win32.Build.0 = Release|Win32
		{62C1467E-8717-4041-B8D8-3846214963FD}.Debug|Win32.ActiveCfg = Debug|Win32
		{62C1467E-8717-4041-B8D8-3846214963FD}.Debug|Win32.Build.0 = Debug|Win32
		{62C1467E-8717-4041-B8D8-3846214963FD}.Release|Win32.ActiveCfg = Release|Win32
		{62C1467E-8717-4041-B8D8-3846214963FD}.Release|Win32.Build.0 = Release|Win32
	EndGlobalSection
	GlobalSection(SolutionProperties) = preSolution
		HideSolutionNode = FALSE
	EndGlobalSection
EndGlobal
