<?xml version="1.0" encoding="utf-8"?>
<Project ToolsVersion="4.0" xmlns="http://schemas.microsoft.com/developer/msbuild/2003">
  <ItemGroup>
    <Filter Include="Source Files">
      <UniqueIdentifier>{092bcd6f-1571-4314-9320-383d22f599e3}</UniqueIdentifier>
      <Extensions>cpp;c;cxx;rc;def;r;odl;idl;hpj;bat</Extensions>
    </Filter>
    <Filter Include="Header Files">
      <UniqueIdentifier>{49a2a08f-021a-4ea0-9861-7bfbcbbcacb7}</UniqueIdentifier>
      <Extensions>h;hpp;hxx;hm;inl</Extensions>
    </Filter>
    <Filter Include="Resource Files">
      <UniqueIdentifier>{b16e939d-e367-418f-a98e-b86e4dd8771e}</UniqueIdentifier>
      <Extensions>ico;cur;bmp;dlg;rc2;rct;bin;rgs;gif;jpg;jpeg;jpe</Extensions>
    </Filter>
    <Filter Include="rpc">
      <UniqueIdentifier>{d1d3ec7a-fe40-4064-aa0b-ff2a5f630b4b}</UniqueIdentifier>
    </Filter>
  </ItemGroup>
  <ItemGroup>
    <ClCompile Include="call_mgr.cpp">
      <Filter>Source Files</Filter>
    </ClCompile>
    <ClCompile Include="comx3.cpp">
      <Filter>Source Files</Filter>
    </ClCompile>
    <ClCompile Include="icenter_p.cpp">
      <Filter>Source Files</Filter>
    </ClCompile>
    <ClCompile Include="namespacetables.cpp">
      <Filter>Source Files</Filter>
    </ClCompile>
    <ClCompile Include="rscenter.cpp">
      <Filter>Source Files</Filter>
    </ClCompile>
    <ClCompile Include="StdAfx.cpp">
      <Filter>Source Files</Filter>
    </ClCompile>
    <ClCompile Include="x64\icenter_c.c">
      <Filter>rpc</Filter>
    </ClCompile>
    <ClCompile Include="x64\icenter_s.c">
      <Filter>rpc</Filter>
    </ClCompile>
  </ItemGroup>
  <ItemGroup>
    <ResourceCompile Include="comx3.rc">
      <Filter>Source Files</Filter>
    </ResourceCompile>
  </ItemGroup>
  <ItemGroup>
    <None Include="dllexports.def">
      <Filter>Source Files</Filter>
    </None>
  </ItemGroup>
  <ItemGroup>
    <ClInclude Include="call_mgr.h">
      <Filter>Header Files</Filter>
    </ClInclude>
    <ClInclude Include="..\..\..\include\commx\commx_error.h">
      <Filter>Header Files</Filter>
    </ClInclude>
    <ClInclude Include="icenter_p.h">
      <Filter>Header Files</Filter>
    </ClInclude>
    <ClInclude Include="namespacetabledef.h">
      <Filter>Header Files</Filter>
    </ClInclude>
    <ClInclude Include="resource.h">
      <Filter>Header Files</Filter>
    </ClInclude>
    <ClInclude Include="rscenter.h">
      <Filter>Header Files</Filter>
    </ClInclude>
    <ClInclude Include="..\..\..\include\commx\srvclientinfo.h">
      <Filter>Header Files</Filter>
    </ClInclude>
    <ClInclude Include="StdAfx.h">
      <Filter>Header Files</Filter>
    </ClInclude>
    <ClInclude Include="x64\icenter.h">
      <Filter>rpc</Filter>
    </ClInclude>
  </ItemGroup>
</Project>