<?xml version="1.0" encoding="utf-8"?>
<Project ToolsVersion="4.0" xmlns="http://schemas.microsoft.com/developer/msbuild/2003">
  <ItemGroup>
    <Filter Include="Source Files">
      <UniqueIdentifier>{3dd16c65-4d6d-43c9-9b15-32ce8d1b78b3}</UniqueIdentifier>
      <Extensions>cpp;c;cxx;rc;def;r;odl;idl;hpj;bat</Extensions>
    </Filter>
    <Filter Include="Header Files">
      <UniqueIdentifier>{c4b2df88-f526-494d-9b94-d0c7d2637333}</UniqueIdentifier>
      <Extensions>h;hpp;hxx;hm;inl</Extensions>
    </Filter>
    <Filter Include="Resource Files">
      <UniqueIdentifier>{9f7b4b71-5b9b-4fcd-b0be-bc0e756eb0cd}</UniqueIdentifier>
      <Extensions>ico;cur;bmp;dlg;rc2;rct;bin;rgs;gif;jpg;jpeg;jpe</Extensions>
    </Filter>
    <Filter Include="rpc">
      <UniqueIdentifier>{d452b35b-6996-4f3f-ae57-4ecd2748cf88}</UniqueIdentifier>
    </Filter>
  </ItemGroup>
  <ItemGroup>
    <ClCompile Include="call_mgr.cpp">
      <Filter>Source Files</Filter>
    </ClCompile>
    <ClCompile Include="comx3.cpp">
      <Filter>Source Files</Filter>
    </ClCompile>
    <ClCompile Include="icenter_p.cpp">
      <Filter>Source Files</Filter>
    </ClCompile>
    <ClCompile Include="namespacetables.cpp">
      <Filter>Source Files</Filter>
    </ClCompile>
    <ClCompile Include="rscenter.cpp">
      <Filter>Source Files</Filter>
    </ClCompile>
    <ClCompile Include="StdAfx.cpp">
      <Filter>Source Files</Filter>
    </ClCompile>
    <ClCompile Include="win32\icenter_c.c">
      <Filter>rpc</Filter>
    </ClCompile>
    <ClCompile Include="win32\icenter_s.c">
      <Filter>rpc</Filter>
    </ClCompile>
  </ItemGroup>
  <ItemGroup>
    <ResourceCompile Include="comx3.rc">
      <Filter>Source Files</Filter>
    </ResourceCompile>
  </ItemGroup>
  <ItemGroup>
    <None Include="dllexports.def">
      <Filter>Source Files</Filter>
    </None>
  </ItemGroup>
  <ItemGroup>
    <ClInclude Include="call_mgr.h">
      <Filter>Header Files</Filter>
    </ClInclude>
    <ClInclude Include="..\..\..\include\commx\commx_error.h">
      <Filter>Header Files</Filter>
    </ClInclude>
    <ClInclude Include="icenter_p.h">
      <Filter>Header Files</Filter>
    </ClInclude>
    <ClInclude Include="namespacetabledef.h">
      <Filter>Header Files</Filter>
    </ClInclude>
    <ClInclude Include="resource.h">
      <Filter>Header Files</Filter>
    </ClInclude>
    <ClInclude Include="rscenter.h">
      <Filter>Header Files</Filter>
    </ClInclude>
    <ClInclude Include="..\..\..\include\commx\srvclientinfo.h">
      <Filter>Header Files</Filter>
    </ClInclude>
    <ClInclude Include="StdAfx.h">
      <Filter>Header Files</Filter>
    </ClInclude>
    <ClInclude Include="win32\icenter.h">
      <Filter>rpc</Filter>
    </ClInclude>
  </ItemGroup>
</Project>