<?xml version="1.0" encoding="utf-8"?>
<Project ToolsVersion="4.0" xmlns="http://schemas.microsoft.com/developer/msbuild/2003">
  <ItemGroup>
    <Filter Include="头文件">
      <UniqueIdentifier>{93995380-89BD-4b04-88EB-625FBE52EBFB}</UniqueIdentifier>
      <Extensions>h;hpp;hxx;hm;inl;inc;xsd</Extensions>
    </Filter>
    <Filter Include="资源文件">
      <UniqueIdentifier>{67DA6AB6-F800-4c08-8B7A-83BB121AAD01}</UniqueIdentifier>
      <Extensions>rc;ico;cur;bmp;dlg;rc2;rct;bin;rgs;gif;jpg;jpeg;jpe;resx;tiff;tif;png;wav;mfcribbon-ms</Extensions>
    </Filter>
    <Filter Include="源文件">
      <UniqueIdentifier>{c6b5cb00-22e9-4384-bca5-eea5316eb49d}</UniqueIdentifier>
    </Filter>
  </ItemGroup>
  <ItemGroup>
    <ClCompile Include="lib\amigaos.c">
      <Filter>源文件</Filter>
    </ClCompile>
    <ClCompile Include="lib\x509asn1.c">
      <Filter>源文件</Filter>
    </ClCompile>
    <ClCompile Include="lib\asyn-ares.c">
      <Filter>源文件</Filter>
    </ClCompile>
    <ClCompile Include="lib\asyn-thread.c">
      <Filter>源文件</Filter>
    </ClCompile>
    <ClCompile Include="lib\base64.c">
      <Filter>源文件</Filter>
    </ClCompile>
    <ClCompile Include="lib\bundles.c">
      <Filter>源文件</Filter>
    </ClCompile>
    <ClCompile Include="lib\conncache.c">
      <Filter>源文件</Filter>
    </ClCompile>
    <ClCompile Include="lib\connect.c">
      <Filter>源文件</Filter>
    </ClCompile>
    <ClCompile Include="lib\content_encoding.c">
      <Filter>源文件</Filter>
    </ClCompile>
    <ClCompile Include="lib\cookie.c">
      <Filter>源文件</Filter>
    </ClCompile>
    <ClCompile Include="lib\curl_addrinfo.c">
      <Filter>源文件</Filter>
    </ClCompile>
    <ClCompile Include="lib\curl_fnmatch.c">
      <Filter>源文件</Filter>
    </ClCompile>
    <ClCompile Include="lib\curl_gethostname.c">
      <Filter>源文件</Filter>
    </ClCompile>
    <ClCompile Include="lib\curl_gssapi.c">
      <Filter>源文件</Filter>
    </ClCompile>
    <ClCompile Include="lib\curl_memrchr.c">
      <Filter>源文件</Filter>
    </ClCompile>
    <ClCompile Include="lib\curl_multibyte.c">
      <Filter>源文件</Filter>
    </ClCompile>
    <ClCompile Include="lib\curl_ntlm.c">
      <Filter>源文件</Filter>
    </ClCompile>
    <ClCompile Include="lib\curl_ntlm_core.c">
      <Filter>源文件</Filter>
    </ClCompile>
    <ClCompile Include="lib\curl_ntlm_msgs.c">
      <Filter>源文件</Filter>
    </ClCompile>
    <ClCompile Include="lib\curl_ntlm_wb.c">
      <Filter>源文件</Filter>
    </ClCompile>
    <ClCompile Include="lib\curl_rtmp.c">
      <Filter>源文件</Filter>
    </ClCompile>
    <ClCompile Include="lib\curl_sasl.c">
      <Filter>源文件</Filter>
    </ClCompile>
    <ClCompile Include="lib\curl_sasl_sspi.c">
      <Filter>源文件</Filter>
    </ClCompile>
    <ClCompile Include="lib\curl_sspi.c">
      <Filter>源文件</Filter>
    </ClCompile>
    <ClCompile Include="lib\curl_threads.c">
      <Filter>源文件</Filter>
    </ClCompile>
    <ClCompile Include="lib\dict.c">
      <Filter>源文件</Filter>
    </ClCompile>
    <ClCompile Include="lib\dotdot.c">
      <Filter>源文件</Filter>
    </ClCompile>
    <ClCompile Include="lib\easy.c">
      <Filter>源文件</Filter>
    </ClCompile>
    <ClCompile Include="lib\escape.c">
      <Filter>源文件</Filter>
    </ClCompile>
    <ClCompile Include="lib\file.c">
      <Filter>源文件</Filter>
    </ClCompile>
    <ClCompile Include="lib\fileinfo.c">
      <Filter>源文件</Filter>
    </ClCompile>
    <ClCompile Include="lib\formdata.c">
      <Filter>源文件</Filter>
    </ClCompile>
    <ClCompile Include="lib\ftp.c">
      <Filter>源文件</Filter>
    </ClCompile>
    <ClCompile Include="lib\ftplistparser.c">
      <Filter>源文件</Filter>
    </ClCompile>
    <ClCompile Include="lib\getenv.c">
      <Filter>源文件</Filter>
    </ClCompile>
    <ClCompile Include="lib\getinfo.c">
      <Filter>源文件</Filter>
    </ClCompile>
    <ClCompile Include="lib\gopher.c">
      <Filter>源文件</Filter>
    </ClCompile>
    <ClCompile Include="lib\hash.c">
      <Filter>源文件</Filter>
    </ClCompile>
    <ClCompile Include="lib\hmac.c">
      <Filter>源文件</Filter>
    </ClCompile>
    <ClCompile Include="lib\hostasyn.c">
      <Filter>源文件</Filter>
    </ClCompile>
    <ClCompile Include="lib\hostcheck.c">
      <Filter>源文件</Filter>
    </ClCompile>
    <ClCompile Include="lib\hostip.c">
      <Filter>源文件</Filter>
    </ClCompile>
    <ClCompile Include="lib\hostip4.c">
      <Filter>源文件</Filter>
    </ClCompile>
    <ClCompile Include="lib\hostip6.c">
      <Filter>源文件</Filter>
    </ClCompile>
    <ClCompile Include="lib\hostsyn.c">
      <Filter>源文件</Filter>
    </ClCompile>
    <ClCompile Include="lib\http.c">
      <Filter>源文件</Filter>
    </ClCompile>
    <ClCompile Include="lib\http2.c">
      <Filter>源文件</Filter>
    </ClCompile>
    <ClCompile Include="lib\http_chunks.c">
      <Filter>源文件</Filter>
    </ClCompile>
    <ClCompile Include="lib\http_digest.c">
      <Filter>源文件</Filter>
    </ClCompile>
    <ClCompile Include="lib\http_negotiate.c">
      <Filter>源文件</Filter>
    </ClCompile>
    <ClCompile Include="lib\http_negotiate_sspi.c">
      <Filter>源文件</Filter>
    </ClCompile>
    <ClCompile Include="lib\http_proxy.c">
      <Filter>源文件</Filter>
    </ClCompile>
    <ClCompile Include="lib\idn_win32.c">
      <Filter>源文件</Filter>
    </ClCompile>
    <ClCompile Include="lib\if2ip.c">
      <Filter>源文件</Filter>
    </ClCompile>
    <ClCompile Include="lib\imap.c">
      <Filter>源文件</Filter>
    </ClCompile>
    <ClCompile Include="lib\inet_ntop.c">
      <Filter>源文件</Filter>
    </ClCompile>
    <ClCompile Include="lib\inet_pton.c">
      <Filter>源文件</Filter>
    </ClCompile>
    <ClCompile Include="lib\krb5.c">
      <Filter>源文件</Filter>
    </ClCompile>
    <ClCompile Include="lib\ldap.c">
      <Filter>源文件</Filter>
    </ClCompile>
    <ClCompile Include="lib\llist.c">
      <Filter>源文件</Filter>
    </ClCompile>
    <ClCompile Include="lib\md4.c">
      <Filter>源文件</Filter>
    </ClCompile>
    <ClCompile Include="lib\md5.c">
      <Filter>源文件</Filter>
    </ClCompile>
    <ClCompile Include="lib\memdebug.c">
      <Filter>源文件</Filter>
    </ClCompile>
    <ClCompile Include="lib\mprintf.c">
      <Filter>源文件</Filter>
    </ClCompile>
    <ClCompile Include="lib\multi.c">
      <Filter>源文件</Filter>
    </ClCompile>
    <ClCompile Include="lib\netrc.c">
      <Filter>源文件</Filter>
    </ClCompile>
    <ClCompile Include="lib\non-ascii.c">
      <Filter>源文件</Filter>
    </ClCompile>
    <ClCompile Include="lib\nonblock.c">
      <Filter>源文件</Filter>
    </ClCompile>
    <ClCompile Include="lib\nwlib.c">
      <Filter>源文件</Filter>
    </ClCompile>
    <ClCompile Include="lib\nwos.c">
      <Filter>源文件</Filter>
    </ClCompile>
    <ClCompile Include="lib\openldap.c">
      <Filter>源文件</Filter>
    </ClCompile>
    <ClCompile Include="lib\parsedate.c">
      <Filter>源文件</Filter>
    </ClCompile>
    <ClCompile Include="lib\pingpong.c">
      <Filter>源文件</Filter>
    </ClCompile>
    <ClCompile Include="lib\pipeline.c">
      <Filter>源文件</Filter>
    </ClCompile>
    <ClCompile Include="lib\pop3.c">
      <Filter>源文件</Filter>
    </ClCompile>
    <ClCompile Include="lib\progress.c">
      <Filter>源文件</Filter>
    </ClCompile>
    <ClCompile Include="lib\rawstr.c">
      <Filter>源文件</Filter>
    </ClCompile>
    <ClCompile Include="lib\rtsp.c">
      <Filter>源文件</Filter>
    </ClCompile>
    <ClCompile Include="lib\security.c">
      <Filter>源文件</Filter>
    </ClCompile>
    <ClCompile Include="lib\select.c">
      <Filter>源文件</Filter>
    </ClCompile>
    <ClCompile Include="lib\sendf.c">
      <Filter>源文件</Filter>
    </ClCompile>
    <ClCompile Include="lib\share.c">
      <Filter>源文件</Filter>
    </ClCompile>
    <ClCompile Include="lib\slist.c">
      <Filter>源文件</Filter>
    </ClCompile>
    <ClCompile Include="lib\smtp.c">
      <Filter>源文件</Filter>
    </ClCompile>
    <ClCompile Include="lib\socks.c">
      <Filter>源文件</Filter>
    </ClCompile>
    <ClCompile Include="lib\socks_gssapi.c">
      <Filter>源文件</Filter>
    </ClCompile>
    <ClCompile Include="lib\socks_sspi.c">
      <Filter>源文件</Filter>
    </ClCompile>
    <ClCompile Include="lib\speedcheck.c">
      <Filter>源文件</Filter>
    </ClCompile>
    <ClCompile Include="lib\splay.c">
      <Filter>源文件</Filter>
    </ClCompile>
    <ClCompile Include="lib\ssh.c">
      <Filter>源文件</Filter>
    </ClCompile>
    <ClCompile Include="lib\strdup.c">
      <Filter>源文件</Filter>
    </ClCompile>
    <ClCompile Include="lib\strequal.c">
      <Filter>源文件</Filter>
    </ClCompile>
    <ClCompile Include="lib\strerror.c">
      <Filter>源文件</Filter>
    </ClCompile>
    <ClCompile Include="lib\strtok.c">
      <Filter>源文件</Filter>
    </ClCompile>
    <ClCompile Include="lib\strtoofft.c">
      <Filter>源文件</Filter>
    </ClCompile>
    <ClCompile Include="lib\telnet.c">
      <Filter>源文件</Filter>
    </ClCompile>
    <ClCompile Include="lib\tftp.c">
      <Filter>源文件</Filter>
    </ClCompile>
    <ClCompile Include="lib\timeval.c">
      <Filter>源文件</Filter>
    </ClCompile>
    <ClCompile Include="lib\transfer.c">
      <Filter>源文件</Filter>
    </ClCompile>
    <ClCompile Include="lib\url.c">
      <Filter>源文件</Filter>
    </ClCompile>
    <ClCompile Include="lib\version.c">
      <Filter>源文件</Filter>
    </ClCompile>
    <ClCompile Include="lib\warnless.c">
      <Filter>源文件</Filter>
    </ClCompile>
    <ClCompile Include="lib\wildcard.c">
      <Filter>源文件</Filter>
    </ClCompile>
    <ClCompile Include="lib\vtls\axtls.c">
      <Filter>源文件</Filter>
    </ClCompile>
    <ClCompile Include="lib\vtls\curl_darwinssl.c">
      <Filter>源文件</Filter>
    </ClCompile>
    <ClCompile Include="lib\vtls\curl_schannel.c">
      <Filter>源文件</Filter>
    </ClCompile>
    <ClCompile Include="lib\vtls\cyassl.c">
      <Filter>源文件</Filter>
    </ClCompile>
    <ClCompile Include="lib\vtls\gskit.c">
      <Filter>源文件</Filter>
    </ClCompile>
    <ClCompile Include="lib\vtls\gtls.c">
      <Filter>源文件</Filter>
    </ClCompile>
    <ClCompile Include="lib\vtls\nss.c">
      <Filter>源文件</Filter>
    </ClCompile>
    <ClCompile Include="lib\vtls\openssl.c">
      <Filter>源文件</Filter>
    </ClCompile>
    <ClCompile Include="lib\vtls\polarssl.c">
      <Filter>源文件</Filter>
    </ClCompile>
    <ClCompile Include="lib\vtls\polarssl_threadlock.c">
      <Filter>源文件</Filter>
    </ClCompile>
    <ClCompile Include="lib\vtls\vtls.c">
      <Filter>源文件</Filter>
    </ClCompile>
  </ItemGroup>
  <ItemGroup>
    <ClInclude Include="resource.h">
      <Filter>头文件</Filter>
    </ClInclude>
  </ItemGroup>
  <ItemGroup>
    <ResourceCompile Include="curl.rc">
      <Filter>资源文件</Filter>
    </ResourceCompile>
  </ItemGroup>
</Project>