<?xml version="1.0" encoding="utf-8"?>
<Project ToolsVersion="4.0" xmlns="http://schemas.microsoft.com/developer/msbuild/2003">
  <ItemGroup>
    <Filter Include="Header Files">
      <UniqueIdentifier>{93995380-89BD-4b04-88EB-625FBE52EBFB}</UniqueIdentifier>
      <Extensions>h;hpp;hxx;hm;inl;inc;xsd</Extensions>
    </Filter>
    <Filter Include="Header Files\flexstring">
      <UniqueIdentifier>{5b9c3ed7-413e-4da2-a026-af90f5845e2d}</UniqueIdentifier>
    </Filter>
    <Filter Include="Source Files">
      <UniqueIdentifier>{4FC737F1-C7A5-4376-A066-2A32D752A2FF}</UniqueIdentifier>
      <Extensions>cpp;c;cc;cxx;def;odl;idl;hpj;bat;asm;asmx</Extensions>
    </Filter>
  </ItemGroup>
  <ItemGroup>
    <ClInclude Include="..\include\loki\AbstractFactory.h">
      <Filter>Header Files</Filter>
    </ClInclude>
    <ClInclude Include="..\include\loki\AssocVector.h">
      <Filter>Header Files</Filter>
    </ClInclude>
    <ClInclude Include="..\include\loki\CachedFactory.h">
      <Filter>Header Files</Filter>
    </ClInclude>
    <ClInclude Include="..\include\loki\Checker.h">
      <Filter>Header Files</Filter>
    </ClInclude>
    <ClInclude Include="..\include\loki\CheckReturn.h">
      <Filter>Header Files</Filter>
    </ClInclude>
    <ClInclude Include="..\include\loki\ConstPolicy.h">
      <Filter>Header Files</Filter>
    </ClInclude>
    <ClInclude Include="..\include\loki\DataGenerators.h">
      <Filter>Header Files</Filter>
    </ClInclude>
    <ClInclude Include="..\include\loki\EmptyType.h">
      <Filter>Header Files</Filter>
    </ClInclude>
    <ClInclude Include="..\include\loki\Factory.h">
      <Filter>Header Files</Filter>
    </ClInclude>
    <ClInclude Include="..\include\loki\Function.h">
      <Filter>Header Files</Filter>
    </ClInclude>
    <ClInclude Include="..\include\loki\Functor.h">
      <Filter>Header Files</Filter>
    </ClInclude>
    <ClInclude Include="..\include\loki\HierarchyGenerators.h">
      <Filter>Header Files</Filter>
    </ClInclude>
    <ClInclude Include="..\include\loki\LevelMutex.h">
      <Filter>Header Files</Filter>
    </ClInclude>
    <ClInclude Include="..\include\loki\LockingPtr.h">
      <Filter>Header Files</Filter>
    </ClInclude>
    <ClInclude Include="..\include\loki\LokiExport.h">
      <Filter>Header Files</Filter>
    </ClInclude>
    <ClInclude Include="..\include\loki\LokiTypeInfo.h">
      <Filter>Header Files</Filter>
    </ClInclude>
    <ClInclude Include="..\include\loki\MultiMethods.h">
      <Filter>Header Files</Filter>
    </ClInclude>
    <ClInclude Include="..\include\loki\NullType.h">
      <Filter>Header Files</Filter>
    </ClInclude>
    <ClInclude Include="..\include\loki\OrderedStatic.h">
      <Filter>Header Files</Filter>
    </ClInclude>
    <ClInclude Include="..\include\loki\Pimpl.h">
      <Filter>Header Files</Filter>
    </ClInclude>
    <ClInclude Include="..\include\loki\RefToValue.h">
      <Filter>Header Files</Filter>
    </ClInclude>
    <ClInclude Include="..\include\loki\SafeFormat.h">
      <Filter>Header Files</Filter>
    </ClInclude>
    <ClInclude Include="..\include\loki\ScopeGuard.h">
      <Filter>Header Files</Filter>
    </ClInclude>
    <ClInclude Include="..\include\loki\Sequence.h">
      <Filter>Header Files</Filter>
    </ClInclude>
    <ClInclude Include="..\include\loki\Singleton.h">
      <Filter>Header Files</Filter>
    </ClInclude>
    <ClInclude Include="..\include\loki\SmallObj.h">
      <Filter>Header Files</Filter>
    </ClInclude>
    <ClInclude Include="..\include\loki\SmartPtr.h">
      <Filter>Header Files</Filter>
    </ClInclude>
    <ClInclude Include="..\include\loki\static_check.h">
      <Filter>Header Files</Filter>
    </ClInclude>
    <ClInclude Include="..\include\loki\StrongPtr.h">
      <Filter>Header Files</Filter>
    </ClInclude>
    <ClInclude Include="..\include\loki\Threads.h">
      <Filter>Header Files</Filter>
    </ClInclude>
    <ClInclude Include="..\include\loki\Tuple.h">
      <Filter>Header Files</Filter>
    </ClInclude>
    <ClInclude Include="..\include\loki\Typelist.h">
      <Filter>Header Files</Filter>
    </ClInclude>
    <ClInclude Include="..\include\loki\TypelistMacros.h">
      <Filter>Header Files</Filter>
    </ClInclude>
    <ClInclude Include="..\include\loki\TypeManip.h">
      <Filter>Header Files</Filter>
    </ClInclude>
    <ClInclude Include="..\include\loki\TypeTraits.h">
      <Filter>Header Files</Filter>
    </ClInclude>
    <ClInclude Include="..\include\loki\Visitor.h">
      <Filter>Header Files</Filter>
    </ClInclude>
    <ClInclude Include="include\loki\flex\allocatorstringstorage.h">
      <Filter>Header Files\flexstring</Filter>
    </ClInclude>
    <ClInclude Include="include\loki\flex\cowstringopt.h">
      <Filter>Header Files\flexstring</Filter>
    </ClInclude>
    <ClInclude Include="include\loki\flex\flex_string.h">
      <Filter>Header Files\flexstring</Filter>
    </ClInclude>
    <ClInclude Include="include\loki\flex\flex_string_details.h">
      <Filter>Header Files\flexstring</Filter>
    </ClInclude>
    <ClInclude Include="include\loki\flex\flex_string_shell.h">
      <Filter>Header Files\flexstring</Filter>
    </ClInclude>
    <ClInclude Include="include\loki\flex\simplestringstorage.h">
      <Filter>Header Files\flexstring</Filter>
    </ClInclude>
    <ClInclude Include="include\loki\flex\smallstringopt.h">
      <Filter>Header Files\flexstring</Filter>
    </ClInclude>
    <ClInclude Include="include\loki\flex\vectorstringstorage.h">
      <Filter>Header Files\flexstring</Filter>
    </ClInclude>
  </ItemGroup>
  <ItemGroup>
    <ClCompile Include="LevelMutex.cpp">
      <Filter>Source Files</Filter>
    </ClCompile>
    <ClCompile Include="OrderedStatic.cpp">
      <Filter>Source Files</Filter>
    </ClCompile>
    <ClCompile Include="SafeFormat.cpp">
      <Filter>Source Files</Filter>
    </ClCompile>
    <ClCompile Include="Singleton.cpp">
      <Filter>Source Files</Filter>
    </ClCompile>
    <ClCompile Include="SmallObj.cpp">
      <Filter>Source Files</Filter>
    </ClCompile>
    <ClCompile Include="SmartPtr.cpp">
      <Filter>Source Files</Filter>
    </ClCompile>
    <ClCompile Include="StrongPtr.cpp">
      <Filter>Source Files</Filter>
    </ClCompile>
  </ItemGroup>
</Project>