
Microsoft Visual Studio Solution File, Format Version 11.00
# Visual Studio 2010
Project("{8BC9CEB8-8B4A-11D0-8D11-00A0C91BC942}") = "luahost", "luahost.vcxproj", "{D48853C0-8A19-4849-8535-9E8D773EDF07}"
EndProject
Project("{8BC9CEB8-8B4A-11D0-8D11-00A0C91BC942}") = "mluabind", "..\mluabind\mluabind.vcxproj", "{067690CA-3BC7-4029-900A-30DB424D0398}"
EndProject
Project("{8BC9CEB8-8B4A-11D0-8D11-00A0C91BC942}") = "lua-5.1.4", "..\lua-5.1.4\lua-5.1.4.vcxproj", "{44BD6205-7976-4CF5-8CB4-4F45D793A916}"
EndProject
Project("{8BC9CEB8-8B4A-11D0-8D11-00A0C91BC942}") = "luahost_test", "..\luahost_test\luahost_test.vcxproj", "{B5D85E59-72D9-439F-AB0B-8D76E37AAEF7}"
EndProject
Project("{8BC9CEB8-8B4A-11D0-8D11-00A0C91BC942}") = "prodinfoimp", "..\..\prodinfo\prodinfoimp\prodinfoimp.vcxproj", "{B0BDC8C6-91C8-40C6-8B00-34B03DAA93ED}"
EndProject
Project("{8BC9CEB8-8B4A-11D0-8D11-00A0C91BC942}") = "DeviceControlLib", "..\..\DeviceControl\DeviceControlLib.vcxproj", "{BD4FEED6-6335-4BFA-BDE1-216A0E3878E0}"
EndProject
Global
	GlobalSection(SolutionConfigurationPlatforms) = preSolution
		Debug_MT|Win32 = Debug_MT|Win32
		Debug_MT|x64 = Debug_MT|x64
		Debug|Win32 = Debug|Win32
		Debug|x64 = Debug|x64
		Release_MT|Win32 = Release_MT|Win32
		Release_MT|x64 = Release_MT|x64
		Release|Win32 = Release|Win32
		Release|x64 = Release|x64
	EndGlobalSection
	GlobalSection(ProjectConfigurationPlatforms) = postSolution
		{D48853C0-8A19-4849-8535-9E8D773EDF07}.Debug_MT|Win32.ActiveCfg = Debug|Win32
		{D48853C0-8A19-4849-8535-9E8D773EDF07}.Debug_MT|Win32.Build.0 = Debug|Win32
		{D48853C0-8A19-4849-8535-9E8D773EDF07}.Debug_MT|x64.ActiveCfg = Debug|Win32
		{D48853C0-8A19-4849-8535-9E8D773EDF07}.Debug|Win32.ActiveCfg = Debug|Win32
		{D48853C0-8A19-4849-8535-9E8D773EDF07}.Debug|Win32.Build.0 = Debug|Win32
		{D48853C0-8A19-4849-8535-9E8D773EDF07}.Debug|x64.ActiveCfg = Debug|Win32
		{D48853C0-8A19-4849-8535-9E8D773EDF07}.Release_MT|Win32.ActiveCfg = Release|Win32
		{D48853C0-8A19-4849-8535-9E8D773EDF07}.Release_MT|Win32.Build.0 = Release|Win32
		{D48853C0-8A19-4849-8535-9E8D773EDF07}.Release_MT|x64.ActiveCfg = Release|Win32
		{D48853C0-8A19-4849-8535-9E8D773EDF07}.Release|Win32.ActiveCfg = Release|Win32
		{D48853C0-8A19-4849-8535-9E8D773EDF07}.Release|Win32.Build.0 = Release|Win32
		{D48853C0-8A19-4849-8535-9E8D773EDF07}.Release|x64.ActiveCfg = Release|Win32
		{067690CA-3BC7-4029-900A-30DB424D0398}.Debug_MT|Win32.ActiveCfg = Debug|Win32
		{067690CA-3BC7-4029-900A-30DB424D0398}.Debug_MT|Win32.Build.0 = Debug|Win32
		{067690CA-3BC7-4029-900A-30DB424D0398}.Debug_MT|x64.ActiveCfg = Debug|Win32
		{067690CA-3BC7-4029-900A-30DB424D0398}.Debug|Win32.ActiveCfg = Debug|Win32
		{067690CA-3BC7-4029-900A-30DB424D0398}.Debug|Win32.Build.0 = Debug|Win32
		{067690CA-3BC7-4029-900A-30DB424D0398}.Debug|x64.ActiveCfg = Debug|Win32
		{067690CA-3BC7-4029-900A-30DB424D0398}.Release_MT|Win32.ActiveCfg = Release|Win32
		{067690CA-3BC7-4029-900A-30DB424D0398}.Release_MT|Win32.Build.0 = Release|Win32
		{067690CA-3BC7-4029-900A-30DB424D0398}.Release_MT|x64.ActiveCfg = Release|Win32
		{067690CA-3BC7-4029-900A-30DB424D0398}.Release|Win32.ActiveCfg = Release|Win32
		{067690CA-3BC7-4029-900A-30DB424D0398}.Release|Win32.Build.0 = Release|Win32
		{067690CA-3BC7-4029-900A-30DB424D0398}.Release|x64.ActiveCfg = Release|Win32
		{44BD6205-7976-4CF5-8CB4-4F45D793A916}.Debug_MT|Win32.ActiveCfg = Debug|Win32
		{44BD6205-7976-4CF5-8CB4-4F45D793A916}.Debug_MT|Win32.Build.0 = Debug|Win32
		{44BD6205-7976-4CF5-8CB4-4F45D793A916}.Debug_MT|x64.ActiveCfg = Debug|Win32
		{44BD6205-7976-4CF5-8CB4-4F45D793A916}.Debug|Win32.ActiveCfg = Debug|Win32
		{44BD6205-7976-4CF5-8CB4-4F45D793A916}.Debug|Win32.Build.0 = Debug|Win32
		{44BD6205-7976-4CF5-8CB4-4F45D793A916}.Debug|x64.ActiveCfg = Debug|Win32
		{44BD6205-7976-4CF5-8CB4-4F45D793A916}.Release_MT|Win32.ActiveCfg = Release|Win32
		{44BD6205-7976-4CF5-8CB4-4F45D793A916}.Release_MT|Win32.Build.0 = Release|Win32
		{44BD6205-7976-4CF5-8CB4-4F45D793A916}.Release_MT|x64.ActiveCfg = Release|Win32
		{44BD6205-7976-4CF5-8CB4-4F45D793A916}.Release|Win32.ActiveCfg = Release|Win32
		{44BD6205-7976-4CF5-8CB4-4F45D793A916}.Release|Win32.Build.0 = Release|Win32
		{44BD6205-7976-4CF5-8CB4-4F45D793A916}.Release|x64.ActiveCfg = Release|Win32
		{B5D85E59-72D9-439F-AB0B-8D76E37AAEF7}.Debug_MT|Win32.ActiveCfg = Debug|Win32
		{B5D85E59-72D9-439F-AB0B-8D76E37AAEF7}.Debug_MT|Win32.Build.0 = Debug|Win32
		{B5D85E59-72D9-439F-AB0B-8D76E37AAEF7}.Debug_MT|x64.ActiveCfg = Debug|Win32
		{B5D85E59-72D9-439F-AB0B-8D76E37AAEF7}.Debug|Win32.ActiveCfg = Debug|Win32
		{B5D85E59-72D9-439F-AB0B-8D76E37AAEF7}.Debug|Win32.Build.0 = Debug|Win32
		{B5D85E59-72D9-439F-AB0B-8D76E37AAEF7}.Debug|x64.ActiveCfg = Debug|Win32
		{B5D85E59-72D9-439F-AB0B-8D76E37AAEF7}.Release_MT|Win32.ActiveCfg = Release|Win32
		{B5D85E59-72D9-439F-AB0B-8D76E37AAEF7}.Release_MT|Win32.Build.0 = Release|Win32
		{B5D85E59-72D9-439F-AB0B-8D76E37AAEF7}.Release_MT|x64.ActiveCfg = Release|Win32
		{B5D85E59-72D9-439F-AB0B-8D76E37AAEF7}.Release|Win32.ActiveCfg = Release|Win32
		{B5D85E59-72D9-439F-AB0B-8D76E37AAEF7}.Release|Win32.Build.0 = Release|Win32
		{B5D85E59-72D9-439F-AB0B-8D76E37AAEF7}.Release|x64.ActiveCfg = Release|Win32
		{B0BDC8C6-91C8-40C6-8B00-34B03DAA93ED}.Debug_MT|Win32.ActiveCfg = Debug|Win32
		{B0BDC8C6-91C8-40C6-8B00-34B03DAA93ED}.Debug_MT|Win32.Build.0 = Debug|Win32
		{B0BDC8C6-91C8-40C6-8B00-34B03DAA93ED}.Debug_MT|x64.ActiveCfg = Debug|Win32
		{B0BDC8C6-91C8-40C6-8B00-34B03DAA93ED}.Debug|Win32.ActiveCfg = Debug|Win32
		{B0BDC8C6-91C8-40C6-8B00-34B03DAA93ED}.Debug|Win32.Build.0 = Debug|Win32
		{B0BDC8C6-91C8-40C6-8B00-34B03DAA93ED}.Debug|x64.ActiveCfg = Debug|Win32
		{B0BDC8C6-91C8-40C6-8B00-34B03DAA93ED}.Release_MT|Win32.ActiveCfg = Release|Win32
		{B0BDC8C6-91C8-40C6-8B00-34B03DAA93ED}.Release_MT|Win32.Build.0 = Release|Win32
		{B0BDC8C6-91C8-40C6-8B00-34B03DAA93ED}.Release_MT|x64.ActiveCfg = Release|Win32
		{B0BDC8C6-91C8-40C6-8B00-34B03DAA93ED}.Release|Win32.ActiveCfg = Release|Win32
		{B0BDC8C6-91C8-40C6-8B00-34B03DAA93ED}.Release|Win32.Build.0 = Release|Win32
		{B0BDC8C6-91C8-40C6-8B00-34B03DAA93ED}.Release|x64.ActiveCfg = Release|Win32
		{BD4FEED6-6335-4BFA-BDE1-216A0E3878E0}.Debug_MT|Win32.ActiveCfg = Debug_MT|Win32
		{BD4FEED6-6335-4BFA-BDE1-216A0E3878E0}.Debug_MT|Win32.Build.0 = Debug_MT|Win32
		{BD4FEED6-6335-4BFA-BDE1-216A0E3878E0}.Debug_MT|x64.ActiveCfg = Debug_MT|x64
		{BD4FEED6-6335-4BFA-BDE1-216A0E3878E0}.Debug_MT|x64.Build.0 = Debug_MT|x64
		{BD4FEED6-6335-4BFA-BDE1-216A0E3878E0}.Debug|Win32.ActiveCfg = Debug|Win32
		{BD4FEED6-6335-4BFA-BDE1-216A0E3878E0}.Debug|Win32.Build.0 = Debug|Win32
		{BD4FEED6-6335-4BFA-BDE1-216A0E3878E0}.Debug|x64.ActiveCfg = Debug|x64
		{BD4FEED6-6335-4BFA-BDE1-216A0E3878E0}.Debug|x64.Build.0 = Debug|x64
		{BD4FEED6-6335-4BFA-BDE1-216A0E3878E0}.Release_MT|Win32.ActiveCfg = Release_MT|Win32
		{BD4FEED6-6335-4BFA-BDE1-216A0E3878E0}.Release_MT|Win32.Build.0 = Release_MT|Win32
		{BD4FEED6-6335-4BFA-BDE1-216A0E3878E0}.Release_MT|x64.ActiveCfg = Release_MT|x64
		{BD4FEED6-6335-4BFA-BDE1-216A0E3878E0}.Release_MT|x64.Build.0 = Release_MT|x64
		{BD4FEED6-6335-4BFA-BDE1-216A0E3878E0}.Release|Win32.ActiveCfg = Release|Win32
		{BD4FEED6-6335-4BFA-BDE1-216A0E3878E0}.Release|Win32.Build.0 = Release|Win32
		{BD4FEED6-6335-4BFA-BDE1-216A0E3878E0}.Release|x64.ActiveCfg = Release|x64
		{BD4FEED6-6335-4BFA-BDE1-216A0E3878E0}.Release|x64.Build.0 = Release|x64
	EndGlobalSection
	GlobalSection(SolutionProperties) = preSolution
		HideSolutionNode = FALSE
	EndGlobalSection
EndGlobal
