<?xml version="1.0" encoding="utf-8"?>
<Project ToolsVersion="4.0" xmlns="http://schemas.microsoft.com/developer/msbuild/2003">
  <ItemGroup>
    <Filter Include="源文件">
      <UniqueIdentifier>{4FC737F1-C7A5-4376-A066-2A32D752A2FF}</UniqueIdentifier>
      <Extensions>cpp;c;cc;cxx;def;odl;idl;hpj;bat;asm;asmx</Extensions>
    </Filter>
    <Filter Include="头文件">
      <UniqueIdentifier>{93995380-89BD-4b04-88EB-625FBE52EBFB}</UniqueIdentifier>
      <Extensions>h;hpp;hxx;hm;inl;inc;xsd</Extensions>
    </Filter>
    <Filter Include="资源文件">
      <UniqueIdentifier>{67DA6AB6-F800-4c08-8B7A-83BB121AAD01}</UniqueIdentifier>
      <Extensions>rc;ico;cur;bmp;dlg;rc2;rct;bin;rgs;gif;jpg;jpeg;jpe;resx;tiff;tif;png;wav;mfcribbon-ms</Extensions>
    </Filter>
  </ItemGroup>
  <ItemGroup>
    <None Include="ReadMe.txt" />
  </ItemGroup>
  <ItemGroup>
    <ClInclude Include="stdafx.h">
      <Filter>头文件</Filter>
    </ClInclude>
    <ClInclude Include="targetver.h">
      <Filter>头文件</Filter>
    </ClInclude>
    <ClInclude Include="..\..\msdk\include\jsonrpc\jsonrpc.h">
      <Filter>头文件</Filter>
    </ClInclude>
    <ClInclude Include="..\..\msdk\include\jsonrpc\jsonrpc_client.h">
      <Filter>头文件</Filter>
    </ClInclude>
    <ClInclude Include="..\..\msdk\include\jsonrpc\jsonrpc_common.h">
      <Filter>头文件</Filter>
    </ClInclude>
    <ClInclude Include="..\..\msdk\include\jsonrpc\jsonrpc_handler.h">
      <Filter>头文件</Filter>
    </ClInclude>
    <ClInclude Include="..\..\msdk\include\jsonrpc\jsonrpc_httpclient.h">
      <Filter>头文件</Filter>
    </ClInclude>
    <ClInclude Include="..\..\msdk\include\jsonrpc\jsonrpc_server.h">
      <Filter>头文件</Filter>
    </ClInclude>
    <ClInclude Include="..\..\msdk\include\jsonrpc\jsonrpc_tcpclient.h">
      <Filter>头文件</Filter>
    </ClInclude>
    <ClInclude Include="..\..\msdk\include\jsonrpc\jsonrpc_tcpserver.h">
      <Filter>头文件</Filter>
    </ClInclude>
    <ClInclude Include="..\..\msdk\include\jsonrpc\jsonrpc_udpclient.h">
      <Filter>头文件</Filter>
    </ClInclude>
    <ClInclude Include="..\..\msdk\include\jsonrpc\jsonrpc_udpserver.h">
      <Filter>头文件</Filter>
    </ClInclude>
    <ClInclude Include="..\..\msdk\include\jsonrpc\netstring.h">
      <Filter>头文件</Filter>
    </ClInclude>
    <ClInclude Include="..\..\msdk\include\jsonrpc\networking.h">
      <Filter>头文件</Filter>
    </ClInclude>
    <ClInclude Include="..\..\msdk\include\jsonrpc\system.h">
      <Filter>头文件</Filter>
    </ClInclude>
  </ItemGroup>
  <ItemGroup>
    <ClCompile Include="stdafx.cpp">
      <Filter>源文件</Filter>
    </ClCompile>
    <ClCompile Include="jsonrpc_client.cpp">
      <Filter>源文件</Filter>
    </ClCompile>
    <ClCompile Include="jsonrpc_handler.cpp">
      <Filter>源文件</Filter>
    </ClCompile>
    <ClCompile Include="jsonrpc_httpclient.cpp">
      <Filter>源文件</Filter>
    </ClCompile>
    <ClCompile Include="jsonrpc_server.cpp">
      <Filter>源文件</Filter>
    </ClCompile>
    <ClCompile Include="jsonrpc_tcpclient.cpp">
      <Filter>源文件</Filter>
    </ClCompile>
    <ClCompile Include="jsonrpc_tcpserver.cpp">
      <Filter>源文件</Filter>
    </ClCompile>
    <ClCompile Include="jsonrpc_udpclient.cpp">
      <Filter>源文件</Filter>
    </ClCompile>
    <ClCompile Include="jsonrpc_udpserver.cpp">
      <Filter>源文件</Filter>
    </ClCompile>
    <ClCompile Include="netstring.cpp">
      <Filter>源文件</Filter>
    </ClCompile>
    <ClCompile Include="networking.cpp">
      <Filter>源文件</Filter>
    </ClCompile>
    <ClCompile Include="system.cpp">
      <Filter>源文件</Filter>
    </ClCompile>
  </ItemGroup>
</Project>