
Microsoft Visual Studio Solution File, Format Version 10.00
# Visual Studio 2008
Project("{8BC9CEB8-8B4A-11D0-8D11-00A0C91BC942}") = "002", "002_vs2008.vcproj", "{26DD0141-E69A-4575-B332-4788C6226968}"
EndProject
Global
	GlobalSection(SolutionConfigurationPlatforms) = preSolution
		Debug|Win32 = Debug|Win32
		Release|Win32 = Release|Win32
	EndGlobalSection
	GlobalSection(ProjectConfigurationPlatforms) = postSolution
		{26DD0141-E69A-4575-B332-4788C6226968}.Debug|Win32.ActiveCfg = Debug|Win32
		{26DD0141-E69A-4575-B332-4788C6226968}.Debug|Win32.Build.0 = Debug|Win32
		{26DD0141-E69A-4575-B332-4788C6226968}.Release|Win32.ActiveCfg = Release|Win32
		{26DD0141-E69A-4575-B332-4788C6226968}.Release|Win32.Build.0 = Release|Win32
	EndGlobalSection
	GlobalSection(SolutionProperties) = preSolution
		HideSolutionNode = FALSE
	EndGlobalSection
EndGlobal
