<?xml version="1.0" encoding="UTF-8"?>
<Project ToolsVersion="4.0" xmlns="http://schemas.microsoft.com/developer/msbuild/2003">
  <ItemGroup>
    <ClCompile Include="lib560.c">
      <Filter>Source Files</Filter>
    </ClCompile>
    <ClCompile Include="first.c">
      <Filter>Source Files</Filter>
    </ClCompile>
    <ClCompile Include="testutil.c">
      <Filter>Source Files</Filter>
    </ClCompile>
    <ClCompile Include="..\..\lib\warnless.c">
      <Filter>Source Files</Filter>
    </ClCompile>
  </ItemGroup>
  <ItemGroup>
    <ClInclude Include="test.h">
      <Filter>Header Files</Filter>
    </ClInclude>
    <ClInclude Include="testutil.h">
      <Filter>Header Files</Filter>
    </ClInclude>
    <ClInclude Include="..\..\lib\warnless.h">
      <Filter>Header Files</Filter>
    </ClInclude>
  </ItemGroup>
  <ItemGroup>
    <CustomBuild Include="CMakeLists.txt" />
  </ItemGroup>
  <ItemGroup>
    <Filter Include="Source Files">
      <UniqueIdentifier>{804B649D-D330-391B-A37C-89758B714957}</UniqueIdentifier>
    </Filter>
    <Filter Include="Header Files">
      <UniqueIdentifier>{EE4C27A5-AFF2-318B-B05B-48A3EEE0E7F8}</UniqueIdentifier>
    </Filter>
  </ItemGroup>
</Project>
