<?xml version="1.0" encoding="utf-8"?>
<Project ToolsVersion="4.0" xmlns="http://schemas.microsoft.com/developer/msbuild/2003">
  <ItemGroup>
    <Filter Include="Source Files">
      <UniqueIdentifier>{4FC737F1-C7A5-4376-A066-2A32D752A2FF}</UniqueIdentifier>
      <Extensions>cpp;c;cxx;def;odl;idl;hpj;bat;asm;asmx</Extensions>
    </Filter>
    <Filter Include="Header Files">
      <UniqueIdentifier>{93995380-89BD-4b04-88EB-625FBE52EBFB}</UniqueIdentifier>
      <Extensions>h;hpp;hxx;hm;inl;inc;xsd</Extensions>
    </Filter>
    <Filter Include="Resource Files">
      <UniqueIdentifier>{67DA6AB6-F800-4c08-8B7A-83BB121AAD01}</UniqueIdentifier>
      <Extensions>rc;ico;cur;bmp;dlg;rc2;rct;bin;rgs;gif;jpg;jpeg;jpe;resx</Extensions>
    </Filter>
    <Filter Include="../../include/msc">
      <UniqueIdentifier>{a47dbf4a-650e-4e71-95da-6d57a6d250a6}</UniqueIdentifier>
    </Filter>
    <Filter Include="rsbuffer">
      <UniqueIdentifier>{bfe3eded-15bd-4c7e-90fa-5d8e584d161a}</UniqueIdentifier>
    </Filter>
  </ItemGroup>
  <ItemGroup>
    <ClCompile Include="CMSCMessageQueue.cpp">
      <Filter>Source Files</Filter>
    </ClCompile>
    <ClCompile Include="Confusion.cpp">
      <Filter>Source Files</Filter>
    </ClCompile>
    <ClCompile Include="CPipe.cpp">
      <Filter>Source Files</Filter>
    </ClCompile>
    <ClCompile Include="CXCredit.cpp">
      <Filter>Source Files</Filter>
    </ClCompile>
    <ClCompile Include="CXMessage.cpp">
      <Filter>Source Files</Filter>
    </ClCompile>
    <ClCompile Include="CXMSCDispatcher.cpp">
      <Filter>Source Files</Filter>
    </ClCompile>
    <ClCompile Include="CXMSCProxy.cpp">
      <Filter>Source Files</Filter>
    </ClCompile>
    <ClCompile Include="CXMSCProxyImpl.cpp">
      <Filter>Source Files</Filter>
    </ClCompile>
    <ClCompile Include="CXMSCProxyThread.cpp">
      <Filter>Source Files</Filter>
    </ClCompile>
    <ClCompile Include="dllmain.cpp">
      <Filter>Source Files</Filter>
    </ClCompile>
    <ClCompile Include="..\..\msdk\include\mslog\logtool\logtool.cpp">
      <Filter>Source Files</Filter>
    </ClCompile>
    <ClCompile Include="MSC.cpp">
      <Filter>Source Files</Filter>
    </ClCompile>
    <ClCompile Include="MSCHandler.cpp">
      <Filter>Source Files</Filter>
    </ClCompile>
    <ClCompile Include="MSCListener.cpp">
      <Filter>Source Files</Filter>
    </ClCompile>
    <ClCompile Include="MSCManager.cpp">
      <Filter>Source Files</Filter>
    </ClCompile>
    <ClCompile Include="MsMsc.cpp">
      <Filter>Source Files</Filter>
    </ClCompile>
    <ClCompile Include="MsXMSCProxy.cpp">
      <Filter>Source Files</Filter>
    </ClCompile>
    <ClCompile Include="Profile.cpp">
      <Filter>Source Files</Filter>
    </ClCompile>
    <ClCompile Include="RSA.cpp">
      <Filter>Source Files</Filter>
    </ClCompile>
    <ClCompile Include="SHA_1.cpp">
      <Filter>Source Files</Filter>
    </ClCompile>
    <ClCompile Include="SMSCMessageMap.cpp">
      <Filter>Source Files</Filter>
    </ClCompile>
    <ClCompile Include="SMSCSubscriberList.cpp">
      <Filter>Source Files</Filter>
    </ClCompile>
    <ClCompile Include="SMSCSubscriberQueue.cpp">
      <Filter>Source Files</Filter>
    </ClCompile>
    <ClCompile Include="SPipe.cpp">
      <Filter>Source Files</Filter>
    </ClCompile>
    <ClCompile Include="StdAfx.cpp">
      <Filter>Source Files</Filter>
    </ClCompile>
    <ClCompile Include="Subscriber.cpp">
      <Filter>Source Files</Filter>
    </ClCompile>
    <ClCompile Include="XBuffer.cpp">
      <Filter>Source Files</Filter>
    </ClCompile>
    <ClCompile Include="XMessageBuffer.cpp">
      <Filter>Source Files</Filter>
    </ClCompile>
    <ClCompile Include="XMutex.cpp">
      <Filter>Source Files</Filter>
    </ClCompile>
    <ClCompile Include="XSynchronization.cpp">
      <Filter>Source Files</Filter>
    </ClCompile>
    <ClCompile Include="XThread.cpp">
      <Filter>Source Files</Filter>
    </ClCompile>
  </ItemGroup>
  <ItemGroup>
    <None Include="MSC.def">
      <Filter>Source Files</Filter>
    </None>
  </ItemGroup>
  <ItemGroup>
    <ClInclude Include="CMSCMessageQueue.h">
      <Filter>Header Files</Filter>
    </ClInclude>
    <ClInclude Include="Confusion.h">
      <Filter>Header Files</Filter>
    </ClInclude>
    <ClInclude Include="CPipe.h">
      <Filter>Header Files</Filter>
    </ClInclude>
    <ClInclude Include="CXCredit.h">
      <Filter>Header Files</Filter>
    </ClInclude>
    <ClInclude Include="CXMessage.h">
      <Filter>Header Files</Filter>
    </ClInclude>
    <ClInclude Include="CXMSCDispatcher.h">
      <Filter>Header Files</Filter>
    </ClInclude>
    <ClInclude Include="CXMSCProxy.h">
      <Filter>Header Files</Filter>
    </ClInclude>
    <ClInclude Include="CXMSCProxyImpl.h">
      <Filter>Header Files</Filter>
    </ClInclude>
    <ClInclude Include="CXMSCProxyThread.h">
      <Filter>Header Files</Filter>
    </ClInclude>
    <ClInclude Include="MSC.h">
      <Filter>Header Files</Filter>
    </ClInclude>
    <ClInclude Include="MSCHandler.h">
      <Filter>Header Files</Filter>
    </ClInclude>
    <ClInclude Include="MSCListener.h">
      <Filter>Header Files</Filter>
    </ClInclude>
    <ClInclude Include="MSCManager.h">
      <Filter>Header Files</Filter>
    </ClInclude>
    <ClInclude Include="MsMsc.h">
      <Filter>Header Files</Filter>
    </ClInclude>
    <ClInclude Include="MsXMSCProxy.h">
      <Filter>Header Files</Filter>
    </ClInclude>
    <ClInclude Include="Profile.h">
      <Filter>Header Files</Filter>
    </ClInclude>
    <ClInclude Include="resource.h">
      <Filter>Header Files</Filter>
    </ClInclude>
    <ClInclude Include="RSA.h">
      <Filter>Header Files</Filter>
    </ClInclude>
    <ClInclude Include="SHA_1.h">
      <Filter>Header Files</Filter>
    </ClInclude>
    <ClInclude Include="SMSCMessageMap.h">
      <Filter>Header Files</Filter>
    </ClInclude>
    <ClInclude Include="SMSCSubscriberList.h">
      <Filter>Header Files</Filter>
    </ClInclude>
    <ClInclude Include="SMSCSubscriberQueue.h">
      <Filter>Header Files</Filter>
    </ClInclude>
    <ClInclude Include="SPipe.h">
      <Filter>Header Files</Filter>
    </ClInclude>
    <ClInclude Include="StdAfx.h">
      <Filter>Header Files</Filter>
    </ClInclude>
    <ClInclude Include="Subscriber.h">
      <Filter>Header Files</Filter>
    </ClInclude>
    <ClInclude Include="XBuffer.h">
      <Filter>Header Files</Filter>
    </ClInclude>
    <ClInclude Include="XCredit.h">
      <Filter>Header Files</Filter>
    </ClInclude>
    <ClInclude Include="XMessageBuffer.h">
      <Filter>Header Files</Filter>
    </ClInclude>
    <ClInclude Include="XMMSC.h">
      <Filter>Header Files</Filter>
    </ClInclude>
    <ClInclude Include="XMutex.h">
      <Filter>Header Files</Filter>
    </ClInclude>
    <ClInclude Include="XSynchronization.h">
      <Filter>Header Files</Filter>
    </ClInclude>
    <ClInclude Include="XThread.h">
      <Filter>Header Files</Filter>
    </ClInclude>
    <ClInclude Include="..\..\msdk\include\msc\MSCDef.h">
      <Filter>../../include/msc</Filter>
    </ClInclude>
    <ClInclude Include="..\..\msdk\include\msc\XMessage.h">
      <Filter>../../include/msc</Filter>
    </ClInclude>
    <ClInclude Include="..\..\msdk\include\msc\XMSCDispatcher.h">
      <Filter>../../include/msc</Filter>
    </ClInclude>
    <ClInclude Include="..\..\msdk\include\msc\XMSCProxy.h">
      <Filter>../../include/msc</Filter>
    </ClInclude>
  </ItemGroup>
  <ItemGroup>
    <ResourceCompile Include="MSC.rc">
      <Filter>Resource Files</Filter>
    </ResourceCompile>
  </ItemGroup>
</Project>