
Microsoft Visual Studio Solution File, Format Version 10.00
# Visual Studio 2008
Project("{8BC9CEB8-8B4A-11D0-8D11-00A0C91BC942}") = "bin", "bin.exe\bin.vcproj", "{2D44BA77-3EB0-4C41-9386-0DD813CB6B99}"
EndProject
Project("{8BC9CEB8-8B4A-11D0-8D11-00A0C91BC942}") = "envmgr", "envmgr\envmgr.vcproj", "{ADCCE1AD-E846-462F-94FC-A442CA89E352}"
EndProject
Global
	GlobalSection(SolutionConfigurationPlatforms) = preSolution
		Debug|Win32 = Debug|Win32
		Release|Win32 = Release|Win32
	EndGlobalSection
	GlobalSection(ProjectConfigurationPlatforms) = postSolution
		{2D44BA77-3EB0-4C41-9386-0DD813CB6B99}.Debug|Win32.ActiveCfg = Debug|Win32
		{2D44BA77-3EB0-4C41-9386-0DD813CB6B99}.Debug|Win32.Build.0 = Debug|Win32
		{2D44BA77-3EB0-4C41-9386-0DD813CB6B99}.Release|Win32.ActiveCfg = Release|Win32
		{2D44BA77-3EB0-4C41-9386-0DD813CB6B99}.Release|Win32.Build.0 = Release|Win32
		{ADCCE1AD-E846-462F-94FC-A442CA89E352}.Debug|Win32.ActiveCfg = Debug|Win32
		{ADCCE1AD-E846-462F-94FC-A442CA89E352}.Debug|Win32.Build.0 = Debug|Win32
		{ADCCE1AD-E846-462F-94FC-A442CA89E352}.Release|Win32.ActiveCfg = Release|Win32
		{ADCCE1AD-E846-462F-94FC-A442CA89E352}.Release|Win32.Build.0 = Release|Win32
	EndGlobalSection
	GlobalSection(SolutionProperties) = preSolution
		HideSolutionNode = FALSE
	EndGlobalSection
EndGlobal

